// !$*UTF8*$!
{
	archiveVersion = 1;
	classes = {
	};
	objectVersion = 51;
	objects = {

/* Begin PBXBuildFile section */
		8AC652C5A59EA16DF3EA2F09 /* Pods_InstagramCloneUsingFirebase.framework in Frameworks */ = {isa = PBXBuildFile; fileRef = 6D9C2B0F690CB5DB69CB4CC7 /* Pods_InstagramCloneUsingFirebase.framework */; };
		DD191D7D24AE044100EE6A08 /* LoginController.swift in Sources */ = {isa = PBXBuildFile; fileRef = DD191D7C24AE044100EE6A08 /* LoginController.swift */; };
		DD191D7F24AE0BDA00EE6A08 /* SceneDelegate.swift in Sources */ = {isa = PBXBuildFile; fileRef = DD191D7E24AE0BDA00EE6A08 /* SceneDelegate.swift */; };
		DD51C37324D2E3E900D2993B /* Date+.swift in Sources */ = {isa = PBXBuildFile; fileRef = DD51C37224D2E3E900D2993B /* Date+.swift */; };
		DD5BFAA623C8AF4800690B3B /* UserProfileHeader.swift in Sources */ = {isa = PBXBuildFile; fileRef = DD5BFAA523C8AF4800690B3B /* UserProfileHeader.swift */; };
		DD6CADF523A637B8005E3661 /* GoogleService-Info.plist in Resources */ = {isa = PBXBuildFile; fileRef = DD6CADF423A637B8005E3661 /* GoogleService-Info.plist */; };
		DD6FB69B24D1612B00BC7AB6 /* CustomImageView.swift in Sources */ = {isa = PBXBuildFile; fileRef = DD6FB69A24D1612B00BC7AB6 /* CustomImageView.swift */; };
		DD6FB69E24D16C8E00BC7AB6 /* HomeController.swift in Sources */ = {isa = PBXBuildFile; fileRef = DD6FB69D24D16C8E00BC7AB6 /* HomeController.swift */; };
		DD6FB6A124D1731900BC7AB6 /* HomeFeedCell.swift in Sources */ = {isa = PBXBuildFile; fileRef = DD6FB6A024D1731900BC7AB6 /* HomeFeedCell.swift */; };
		DD6FB6A324D1A8A800BC7AB6 /* User.swift in Sources */ = {isa = PBXBuildFile; fileRef = DD6FB6A224D1A8A800BC7AB6 /* User.swift */; };
		DD6FB6A524D1AF9000BC7AB6 /* FirebaseUtils.swift in Sources */ = {isa = PBXBuildFile; fileRef = DD6FB6A424D1AF9000BC7AB6 /* FirebaseUtils.swift */; };
		DD6FB6A824D1B2D800BC7AB6 /* UserSearchControler.swift in Sources */ = {isa = PBXBuildFile; fileRef = DD6FB6A724D1B2D800BC7AB6 /* UserSearchControler.swift */; };
		DD6FB6AA24D1B64F00BC7AB6 /* UserSearchCell.swift in Sources */ = {isa = PBXBuildFile; fileRef = DD6FB6A924D1B64F00BC7AB6 /* UserSearchCell.swift */; };
		DD7DE08C24CF096B00034076 /* PhotoSelectorCell.swift in Sources */ = {isa = PBXBuildFile; fileRef = DD7DE08B24CF096B00034076 /* PhotoSelectorCell.swift */; };
		DD7DE08E24CF126F00034076 /* PhotoSelectorHeader.swift in Sources */ = {isa = PBXBuildFile; fileRef = DD7DE08D24CF126F00034076 /* PhotoSelectorHeader.swift */; };
		DD7DE09024CF194D00034076 /* SharePhotoController.swift in Sources */ = {isa = PBXBuildFile; fileRef = DD7DE08F24CF194D00034076 /* SharePhotoController.swift */; };
		DDD43FD423A5301A00260F4A /* AppDelegate.swift in Sources */ = {isa = PBXBuildFile; fileRef = DDD43FD323A5301A00260F4A /* AppDelegate.swift */; };
		DDD43FD823A5301A00260F4A /* SignUpController.swift in Sources */ = {isa = PBXBuildFile; fileRef = DDD43FD723A5301A00260F4A /* SignUpController.swift */; };
		DDD43FDB23A5301A00260F4A /* Main.storyboard in Resources */ = {isa = PBXBuildFile; fileRef = DDD43FD923A5301A00260F4A /* Main.storyboard */; };
		DDD43FDD23A5302200260F4A /* Assets.xcassets in Resources */ = {isa = PBXBuildFile; fileRef = DDD43FDC23A5302200260F4A /* Assets.xcassets */; };
		DDD43FE023A5302200260F4A /* LaunchScreen.storyboard in Resources */ = {isa = PBXBuildFile; fileRef = DDD43FDE23A5302200260F4A /* LaunchScreen.storyboard */; };
		DDD43FEC23A53F3900260F4A /* UIColor+.swift in Sources */ = {isa = PBXBuildFile; fileRef = DDD43FEB23A53F3900260F4A /* UIColor+.swift */; };
		DDD43FEE23A53F5900260F4A /* UIView+.swift in Sources */ = {isa = PBXBuildFile; fileRef = DDD43FED23A53F5900260F4A /* UIView+.swift */; };
		DDE7B18324D02A3F00EBCAA6 /* Post.swift in Sources */ = {isa = PBXBuildFile; fileRef = DDE7B18224D02A3F00EBCAA6 /* Post.swift */; };
		DDE7B18524D02BAC00EBCAA6 /* UserProfilePhotoCell.swift in Sources */ = {isa = PBXBuildFile; fileRef = DDE7B18424D02BAC00EBCAA6 /* UserProfilePhotoCell.swift */; };
		DDED8E5F24CDBC4200F74435 /* PhotoSelectorController.swift in Sources */ = {isa = PBXBuildFile; fileRef = DDED8E5E24CDBC4200F74435 /* PhotoSelectorController.swift */; };
		DDF12B9B23B0EAD9003CA4DB /* MainTabBarController.swift in Sources */ = {isa = PBXBuildFile; fileRef = DDF12B9A23B0EAD9003CA4DB /* MainTabBarController.swift */; };
		DDF12B9D23B0F78F003CA4DB /* UserProfileController.swift in Sources */ = {isa = PBXBuildFile; fileRef = DDF12B9C23B0F78F003CA4DB /* UserProfileController.swift */; };
/* End PBXBuildFile section */

/* Begin PBXFileReference section */
		64EE1A9FC1A3F79DEB4BB7A6 /* Pods-InstagramCloneUsingFirebase.debug.xcconfig */ = {isa = PBXFileReference; includeInIndex = 1; lastKnownFileType = text.xcconfig; name = "Pods-InstagramCloneUsingFirebase.debug.xcconfig"; path = "Target Support Files/Pods-InstagramCloneUsingFirebase/Pods-InstagramCloneUsingFirebase.debug.xcconfig"; sourceTree = "<group>"; };
		6D9C2B0F690CB5DB69CB4CC7 /* Pods_InstagramCloneUsingFirebase.framework */ = {isa = PBXFileReference; explicitFileType = wrapper.framework; includeInIndex = 0; path = Pods_InstagramCloneUsingFirebase.framework; sourceTree = BUILT_PRODUCTS_DIR; };
		AE928F3E6E4C6AFC7496B471 /* Pods-InstagramCloneUsingFirebase.release.xcconfig */ = {isa = PBXFileReference; includeInIndex = 1; lastKnownFileType = text.xcconfig; name = "Pods-InstagramCloneUsingFirebase.release.xcconfig"; path = "Target Support Files/Pods-InstagramCloneUsingFirebase/Pods-InstagramCloneUsingFirebase.release.xcconfig"; sourceTree = "<group>"; };
		DD191D7C24AE044100EE6A08 /* LoginController.swift */ = {isa = PBXFileReference; lastKnownFileType = sourcecode.swift; path = LoginController.swift; sourceTree = "<group>"; };
		DD191D7E24AE0BDA00EE6A08 /* SceneDelegate.swift */ = {isa = PBXFileReference; fileEncoding = 4; lastKnownFileType = sourcecode.swift; path = SceneDelegate.swift; sourceTree = "<group>"; };
		DD51C37224D2E3E900D2993B /* Date+.swift */ = {isa = PBXFileReference; lastKnownFileType = sourcecode.swift; path = "Date+.swift"; sourceTree = "<group>"; };
		DD5BFAA523C8AF4800690B3B /* UserProfileHeader.swift */ = {isa = PBXFileReference; lastKnownFileType = sourcecode.swift; path = UserProfileHeader.swift; sourceTree = "<group>"; };
		DD6CADF423A637B8005E3661 /* GoogleService-Info.plist */ = {isa = PBXFileReference; fileEncoding = 4; lastKnownFileType = text.plist.xml; path = "GoogleService-Info.plist"; sourceTree = "<group>"; };
		DD6FB69A24D1612B00BC7AB6 /* CustomImageView.swift */ = {isa = PBXFileReference; lastKnownFileType = sourcecode.swift; path = CustomImageView.swift; sourceTree = "<group>"; };
		DD6FB69D24D16C8E00BC7AB6 /* HomeController.swift */ = {isa = PBXFileReference; lastKnownFileType = sourcecode.swift; path = HomeController.swift; sourceTree = "<group>"; };
		DD6FB6A024D1731900BC7AB6 /* HomeFeedCell.swift */ = {isa = PBXFileReference; lastKnownFileType = sourcecode.swift; path = HomeFeedCell.swift; sourceTree = "<group>"; };
		DD6FB6A224D1A8A800BC7AB6 /* User.swift */ = {isa = PBXFileReference; lastKnownFileType = sourcecode.swift; path = User.swift; sourceTree = "<group>"; };
		DD6FB6A424D1AF9000BC7AB6 /* FirebaseUtils.swift */ = {isa = PBXFileReference; lastKnownFileType = sourcecode.swift; path = FirebaseUtils.swift; sourceTree = "<group>"; };
		DD6FB6A724D1B2D800BC7AB6 /* UserSearchControler.swift */ = {isa = PBXFileReference; lastKnownFileType = sourcecode.swift; path = UserSearchControler.swift; sourceTree = "<group>"; };
		DD6FB6A924D1B64F00BC7AB6 /* UserSearchCell.swift */ = {isa = PBXFileReference; lastKnownFileType = sourcecode.swift; path = UserSearchCell.swift; sourceTree = "<group>"; };
		DD7DE08B24CF096B00034076 /* PhotoSelectorCell.swift */ = {isa = PBXFileReference; lastKnownFileType = sourcecode.swift; path = PhotoSelectorCell.swift; sourceTree = "<group>"; };
		DD7DE08D24CF126F00034076 /* PhotoSelectorHeader.swift */ = {isa = PBXFileReference; lastKnownFileType = sourcecode.swift; path = PhotoSelectorHeader.swift; sourceTree = "<group>"; };
		DD7DE08F24CF194D00034076 /* SharePhotoController.swift */ = {isa = PBXFileReference; lastKnownFileType = sourcecode.swift; path = SharePhotoController.swift; sourceTree = "<group>"; };
		DDD43FD023A5301A00260F4A /* InstagramCloneUsingFirebase.app */ = {isa = PBXFileReference; explicitFileType = wrapper.application; includeInIndex = 0; path = InstagramCloneUsingFirebase.app; sourceTree = BUILT_PRODUCTS_DIR; };
		DDD43FD323A5301A00260F4A /* AppDelegate.swift */ = {isa = PBXFileReference; lastKnownFileType = sourcecode.swift; path = AppDelegate.swift; sourceTree = "<group>"; };
		DDD43FD723A5301A00260F4A /* SignUpController.swift */ = {isa = PBXFileReference; lastKnownFileType = sourcecode.swift; path = SignUpController.swift; sourceTree = "<group>"; };
		DDD43FDA23A5301A00260F4A /* Base */ = {isa = PBXFileReference; lastKnownFileType = file.storyboard; name = Base; path = Base.lproj/Main.storyboard; sourceTree = "<group>"; };
		DDD43FDC23A5302200260F4A /* Assets.xcassets */ = {isa = PBXFileReference; lastKnownFileType = folder.assetcatalog; path = Assets.xcassets; sourceTree = "<group>"; };
		DDD43FDF23A5302200260F4A /* Base */ = {isa = PBXFileReference; lastKnownFileType = file.storyboard; name = Base; path = Base.lproj/LaunchScreen.storyboard; sourceTree = "<group>"; };
		DDD43FE123A5302200260F4A /* Info.plist */ = {isa = PBXFileReference; lastKnownFileType = text.plist.xml; path = Info.plist; sourceTree = "<group>"; };
		DDD43FEB23A53F3900260F4A /* UIColor+.swift */ = {isa = PBXFileReference; lastKnownFileType = sourcecode.swift; path = "UIColor+.swift"; sourceTree = "<group>"; };
		DDD43FED23A53F5900260F4A /* UIView+.swift */ = {isa = PBXFileReference; lastKnownFileType = sourcecode.swift; path = "UIView+.swift"; sourceTree = "<group>"; };
		DDE7B18224D02A3F00EBCAA6 /* Post.swift */ = {isa = PBXFileReference; lastKnownFileType = sourcecode.swift; path = Post.swift; sourceTree = "<group>"; };
		DDE7B18424D02BAC00EBCAA6 /* UserProfilePhotoCell.swift */ = {isa = PBXFileReference; lastKnownFileType = sourcecode.swift; path = UserProfilePhotoCell.swift; sourceTree = "<group>"; };
		DDED8E5E24CDBC4200F74435 /* PhotoSelectorController.swift */ = {isa = PBXFileReference; lastKnownFileType = sourcecode.swift; path = PhotoSelectorController.swift; sourceTree = "<group>"; };
		DDF12B9A23B0EAD9003CA4DB /* MainTabBarController.swift */ = {isa = PBXFileReference; lastKnownFileType = sourcecode.swift; path = MainTabBarController.swift; sourceTree = "<group>"; };
		DDF12B9C23B0F78F003CA4DB /* UserProfileController.swift */ = {isa = PBXFileReference; lastKnownFileType = sourcecode.swift; path = UserProfileController.swift; sourceTree = "<group>"; };
/* End PBXFileReference section */

/* Begin PBXFrameworksBuildPhase section */
		DDD43FCD23A5301A00260F4A /* Frameworks */ = {
			isa = PBXFrameworksBuildPhase;
			buildActionMask = 2147483647;
			files = (
				8AC652C5A59EA16DF3EA2F09 /* Pods_InstagramCloneUsingFirebase.framework in Frameworks */,
			);
			runOnlyForDeploymentPostprocessing = 0;
		};
/* End PBXFrameworksBuildPhase section */

/* Begin PBXGroup section */
		2D02A016BB193DA297361F38 /* Frameworks */ = {
			isa = PBXGroup;
			children = (
				6D9C2B0F690CB5DB69CB4CC7 /* Pods_InstagramCloneUsingFirebase.framework */,
			);
			name = Frameworks;
			sourceTree = "<group>";
		};
		344F635DD2D8C749268D4561 /* Pods */ = {
			isa = PBXGroup;
			children = (
				64EE1A9FC1A3F79DEB4BB7A6 /* Pods-InstagramCloneUsingFirebase.debug.xcconfig */,
				AE928F3E6E4C6AFC7496B471 /* Pods-InstagramCloneUsingFirebase.release.xcconfig */,
			);
			path = Pods;
			sourceTree = "<group>";
		};
		DD191D7B24AE042400EE6A08 /* Login */ = {
			isa = PBXGroup;
			children = (
				DD191D7C24AE044100EE6A08 /* LoginController.swift */,
				DDD43FD723A5301A00260F4A /* SignUpController.swift */,
			);
			path = Login;
			sourceTree = "<group>";
		};
		DD5BFAA423C8AF1500690B3B /* UserProfile */ = {
			isa = PBXGroup;
			children = (
				DDF12B9C23B0F78F003CA4DB /* UserProfileController.swift */,
				DD5BFAA523C8AF4800690B3B /* UserProfileHeader.swift */,
				DDE7B18424D02BAC00EBCAA6 /* UserProfilePhotoCell.swift */,
			);
			path = UserProfile;
			sourceTree = "<group>";
		};
		DD6FB69C24D16C8000BC7AB6 /* Home */ = {
			isa = PBXGroup;
			children = (
				DD6FB69D24D16C8E00BC7AB6 /* HomeController.swift */,
				DD6FB6A024D1731900BC7AB6 /* HomeFeedCell.swift */,
			);
			path = Home;
			sourceTree = "<group>";
		};
		DD6FB6A624D1B2CA00BC7AB6 /* Search */ = {
			isa = PBXGroup;
			children = (
				DD6FB6A724D1B2D800BC7AB6 /* UserSearchControler.swift */,
				DD6FB6A924D1B64F00BC7AB6 /* UserSearchCell.swift */,
			);
			path = Search;
			sourceTree = "<group>";
		};
		DDD43FC723A5301900260F4A = {
			isa = PBXGroup;
			children = (
				DDD43FD223A5301A00260F4A /* InstagramCloneUsingFirebase */,
				DDD43FD123A5301A00260F4A /* Products */,
				344F635DD2D8C749268D4561 /* Pods */,
				2D02A016BB193DA297361F38 /* Frameworks */,
			);
			sourceTree = "<group>";
		};
		DDD43FD123A5301A00260F4A /* Products */ = {
			isa = PBXGroup;
			children = (
				DDD43FD023A5301A00260F4A /* InstagramCloneUsingFirebase.app */,
			);
			name = Products;
			sourceTree = "<group>";
		};
		DDD43FD223A5301A00260F4A /* InstagramCloneUsingFirebase */ = {
			isa = PBXGroup;
			children = (
				DD6FB6A624D1B2CA00BC7AB6 /* Search */,
				DD6FB69C24D16C8000BC7AB6 /* Home */,
				DDE7B18124D02A2F00EBCAA6 /* Models */,
				DDED8E5D24CDBC2600F74435 /* AddPhoto */,
				DD191D7B24AE042400EE6A08 /* Login */,
				DD5BFAA423C8AF1500690B3B /* UserProfile */,
				DD6CADF423A637B8005E3661 /* GoogleService-Info.plist */,
				DDD43FEF23A53FC300260F4A /* Utils */,
				DDD43FD323A5301A00260F4A /* AppDelegate.swift */,
				DDD43FD923A5301A00260F4A /* Main.storyboard */,
				DD191D7E24AE0BDA00EE6A08 /* SceneDelegate.swift */,
				DDD43FDC23A5302200260F4A /* Assets.xcassets */,
				DDD43FDE23A5302200260F4A /* LaunchScreen.storyboard */,
				DDD43FE123A5302200260F4A /* Info.plist */,
				DDF12B9A23B0EAD9003CA4DB /* MainTabBarController.swift */,
			);
			path = InstagramCloneUsingFirebase;
			sourceTree = "<group>";
		};
		DDD43FEF23A53FC300260F4A /* Utils */ = {
			isa = PBXGroup;
			children = (
				DDD43FEB23A53F3900260F4A /* UIColor+.swift */,
				DDD43FED23A53F5900260F4A /* UIView+.swift */,
				DD6FB69A24D1612B00BC7AB6 /* CustomImageView.swift */,
				DD6FB6A424D1AF9000BC7AB6 /* FirebaseUtils.swift */,
				DD51C37224D2E3E900D2993B /* Date+.swift */,
			);
			path = Utils;
			sourceTree = "<group>";
		};
		DDE7B18124D02A2F00EBCAA6 /* Models */ = {
			isa = PBXGroup;
			children = (
				DDE7B18224D02A3F00EBCAA6 /* Post.swift */,
				DD6FB6A224D1A8A800BC7AB6 /* User.swift */,
			);
			path = Models;
			sourceTree = "<group>";
		};
		DDED8E5D24CDBC2600F74435 /* AddPhoto */ = {
			isa = PBXGroup;
			children = (
				DDED8E5E24CDBC4200F74435 /* PhotoSelectorController.swift */,
				DD7DE08B24CF096B00034076 /* PhotoSelectorCell.swift */,
				DD7DE08D24CF126F00034076 /* PhotoSelectorHeader.swift */,
				DD7DE08F24CF194D00034076 /* SharePhotoController.swift */,
			);
			path = AddPhoto;
			sourceTree = "<group>";
		};
/* End PBXGroup section */

/* Begin PBXNativeTarget section */
		DDD43FCF23A5301A00260F4A /* InstagramCloneUsingFirebase */ = {
			isa = PBXNativeTarget;
			buildConfigurationList = DDD43FE423A5302200260F4A /* Build configuration list for PBXNativeTarget "InstagramCloneUsingFirebase" */;
			buildPhases = (
				E837E3511AA9F7EBFB0920AC /* [CP] Check Pods Manifest.lock */,
				DDD43FCC23A5301A00260F4A /* Sources */,
				DDD43FCD23A5301A00260F4A /* Frameworks */,
				DDD43FCE23A5301A00260F4A /* Resources */,
				D218D682063EAAD9E81C141A /* [CP] Embed Pods Frameworks */,
			);
			buildRules = (
			);
			dependencies = (
			);
			name = InstagramCloneUsingFirebase;
			productName = InstagramCloneUsingFirebase;
			productReference = DDD43FD023A5301A00260F4A /* InstagramCloneUsingFirebase.app */;
			productType = "com.apple.product-type.application";
		};
/* End PBXNativeTarget section */

/* Begin PBXProject section */
		DDD43FC823A5301A00260F4A /* Project object */ = {
			isa = PBXProject;
			attributes = {
				LastSwiftUpdateCheck = 1130;
				LastUpgradeCheck = 1130;
				ORGANIZATIONNAME = "Joffrey Fortin";
				TargetAttributes = {
					DDD43FCF23A5301A00260F4A = {
						CreatedOnToolsVersion = 11.3;
					};
				};
			};
			buildConfigurationList = DDD43FCB23A5301A00260F4A /* Build configuration list for PBXProject "InstagramCloneUsingFirebase" */;
			compatibilityVersion = "Xcode 9.3";
			developmentRegion = en;
			hasScannedForEncodings = 0;
			knownRegions = (
				en,
				Base,
			);
			mainGroup = DDD43FC723A5301900260F4A;
			productRefGroup = DDD43FD123A5301A00260F4A /* Products */;
			projectDirPath = "";
			projectRoot = "";
			targets = (
				DDD43FCF23A5301A00260F4A /* InstagramCloneUsingFirebase */,
			);
		};
/* End PBXProject section */

/* Begin PBXResourcesBuildPhase section */
		DDD43FCE23A5301A00260F4A /* Resources */ = {
			isa = PBXResourcesBuildPhase;
			buildActionMask = 2147483647;
			files = (
				DDD43FE023A5302200260F4A /* LaunchScreen.storyboard in Resources */,
				DD6CADF523A637B8005E3661 /* GoogleService-Info.plist in Resources */,
				DDD43FDD23A5302200260F4A /* Assets.xcassets in Resources */,
				DDD43FDB23A5301A00260F4A /* Main.storyboard in Resources */,
			);
			runOnlyForDeploymentPostprocessing = 0;
		};
/* End PBXResourcesBuildPhase section */

/* Begin PBXShellScriptBuildPhase section */
		D218D682063EAAD9E81C141A /* [CP] Embed Pods Frameworks */ = {
			isa = PBXShellScriptBuildPhase;
			buildActionMask = 2147483647;
			files = (
			);
			inputFileListPaths = (
				"${PODS_ROOT}/Target Support Files/Pods-InstagramCloneUsingFirebase/Pods-InstagramCloneUsingFirebase-frameworks-${CONFIGURATION}-input-files.xcfilelist",
			);
			name = "[CP] Embed Pods Frameworks";
			outputFileListPaths = (
				"${PODS_ROOT}/Target Support Files/Pods-InstagramCloneUsingFirebase/Pods-InstagramCloneUsingFirebase-frameworks-${CONFIGURATION}-output-files.xcfilelist",
			);
			runOnlyForDeploymentPostprocessing = 0;
			shellPath = /bin/sh;
			shellScript = "\"${PODS_ROOT}/Target Support Files/Pods-InstagramCloneUsingFirebase/Pods-InstagramCloneUsingFirebase-frameworks.sh\"\n";
			showEnvVarsInLog = 0;
		};
		E837E3511AA9F7EBFB0920AC /* [CP] Check Pods Manifest.lock */ = {
			isa = PBXShellScriptBuildPhase;
			buildActionMask = 2147483647;
			files = (
			);
			inputFileListPaths = (
			);
			inputPaths = (
				"${PODS_PODFILE_DIR_PATH}/Podfile.lock",
				"${PODS_ROOT}/Manifest.lock",
			);
			name = "[CP] Check Pods Manifest.lock";
			outputFileListPaths = (
			);
			outputPaths = (
				"$(DERIVED_FILE_DIR)/Pods-InstagramCloneUsingFirebase-checkManifestLockResult.txt",
			);
			runOnlyForDeploymentPostprocessing = 0;
			shellPath = /bin/sh;
			shellScript = "diff \"${PODS_PODFILE_DIR_PATH}/Podfile.lock\" \"${PODS_ROOT}/Manifest.lock\" > /dev/null\nif [ $? != 0 ] ; then\n    # print error to STDERR\n    echo \"error: The sandbox is not in sync with the Podfile.lock. Run 'pod install' or update your CocoaPods installation.\" >&2\n    exit 1\nfi\n# This output is used by Xcode 'outputs' to avoid re-running this script phase.\necho \"SUCCESS\" > \"${SCRIPT_OUTPUT_FILE_0}\"\n";
			showEnvVarsInLog = 0;
		};
/* End PBXShellScriptBuildPhase section */

/* Begin PBXSourcesBuildPhase section */
		DDD43FCC23A5301A00260F4A /* Sources */ = {
			isa = PBXSourcesBuildPhase;
			buildActionMask = 2147483647;
			files = (
				DD51C37324D2E3E900D2993B /* Date+.swift in Sources */,
				DD7DE08E24CF126F00034076 /* PhotoSelectorHeader.swift in Sources */,
				DD7DE08C24CF096B00034076 /* PhotoSelectorCell.swift in Sources */,
				DD6FB6A124D1731900BC7AB6 /* HomeFeedCell.swift in Sources */,
				DDD43FD823A5301A00260F4A /* SignUpController.swift in Sources */,
				DDD43FEC23A53F3900260F4A /* UIColor+.swift in Sources */,
				DD191D7F24AE0BDA00EE6A08 /* SceneDelegate.swift in Sources */,
				DDE7B18524D02BAC00EBCAA6 /* UserProfilePhotoCell.swift in Sources */,
				DDE7B18324D02A3F00EBCAA6 /* Post.swift in Sources */,
				DD6FB6AA24D1B64F00BC7AB6 /* UserSearchCell.swift in Sources */,
				DDF12B9B23B0EAD9003CA4DB /* MainTabBarController.swift in Sources */,
				DD6FB69E24D16C8E00BC7AB6 /* HomeController.swift in Sources */,
				DD5BFAA623C8AF4800690B3B /* UserProfileHeader.swift in Sources */,
				DD6FB69B24D1612B00BC7AB6 /* CustomImageView.swift in Sources */,
				DD191D7D24AE044100EE6A08 /* LoginController.swift in Sources */,
				DD7DE09024CF194D00034076 /* SharePhotoController.swift in Sources */,
				DDD43FD423A5301A00260F4A /* AppDelegate.swift in Sources */,
				DDF12B9D23B0F78F003CA4DB /* UserProfileController.swift in Sources */,
				DD6FB6A524D1AF9000BC7AB6 /* FirebaseUtils.swift in Sources */,
				DDD43FEE23A53F5900260F4A /* UIView+.swift in Sources */,
				DDED8E5F24CDBC4200F74435 /* PhotoSelectorController.swift in Sources */,
				DD6FB6A824D1B2D800BC7AB6 /* UserSearchControler.swift in Sources */,
				DD6FB6A324D1A8A800BC7AB6 /* User.swift in Sources */,
			);
			runOnlyForDeploymentPostprocessing = 0;
		};
/* End PBXSourcesBuildPhase section */

/* Begin PBXVariantGroup section */
		DDD43FD923A5301A00260F4A /* Main.storyboard */ = {
			isa = PBXVariantGroup;
			children = (
				DDD43FDA23A5301A00260F4A /* Base */,
			);
			name = Main.storyboard;
			sourceTree = "<group>";
		};
		DDD43FDE23A5302200260F4A /* LaunchScreen.storyboard */ = {
			isa = PBXVariantGroup;
			children = (
				DDD43FDF23A5302200260F4A /* Base */,
			);
			name = LaunchScreen.storyboard;
			sourceTree = "<group>";
		};
/* End PBXVariantGroup section */

/* Begin XCBuildConfiguration section */
		DDD43FE223A5302200260F4A /* Debug */ = {
			isa = XCBuildConfiguration;
			buildSettings = {
				ALWAYS_SEARCH_USER_PATHS = NO;
				CLANG_ANALYZER_NONNULL = YES;
				CLANG_ANALYZER_NUMBER_OBJECT_CONVERSION = YES_AGGRESSIVE;
				CLANG_CXX_LANGUAGE_STANDARD = "gnu++14";
				CLANG_CXX_LIBRARY = "libc++";
				CLANG_ENABLE_MODULES = YES;
				CLANG_ENABLE_OBJC_ARC = YES;
				CLANG_ENABLE_OBJC_WEAK = YES;
				CLANG_WARN_BLOCK_CAPTURE_AUTORELEASING = YES;
				CLANG_WARN_BOOL_CONVERSION = YES;
				CLANG_WARN_COMMA = YES;
				CLANG_WARN_CONSTANT_CONVERSION = YES;
				CLANG_WARN_DEPRECATED_OBJC_IMPLEMENTATIONS = YES;
				CLANG_WARN_DIRECT_OBJC_ISA_USAGE = YES_ERROR;
				CLANG_WARN_DOCUMENTATION_COMMENTS = YES;
				CLANG_WARN_EMPTY_BODY = YES;
				CLANG_WARN_ENUM_CONVERSION = YES;
				CLANG_WARN_INFINITE_RECURSION = YES;
				CLANG_WARN_INT_CONVERSION = YES;
				CLANG_WARN_NON_LITERAL_NULL_CONVERSION = YES;
				CLANG_WARN_OBJC_IMPLICIT_RETAIN_SELF = YES;
				CLANG_WARN_OBJC_LITERAL_CONVERSION = YES;
				CLANG_WARN_OBJC_ROOT_CLASS = YES_ERROR;
				CLANG_WARN_RANGE_LOOP_ANALYSIS = YES;
				CLANG_WARN_STRICT_PROTOTYPES = YES;
				CLANG_WARN_SUSPICIOUS_MOVE = YES;
				CLANG_WARN_UNGUARDED_AVAILABILITY = YES_AGGRESSIVE;
				CLANG_WARN_UNREACHABLE_CODE = YES;
				CLANG_WARN__DUPLICATE_METHOD_MATCH = YES;
				COPY_PHASE_STRIP = NO;
				DEBUG_INFORMATION_FORMAT = dwarf;
				ENABLE_STRICT_OBJC_MSGSEND = YES;
				ENABLE_TESTABILITY = YES;
				GCC_C_LANGUAGE_STANDARD = gnu11;
				GCC_DYNAMIC_NO_PIC = NO;
				GCC_NO_COMMON_BLOCKS = YES;
				GCC_OPTIMIZATION_LEVEL = 0;
				GCC_PREPROCESSOR_DEFINITIONS = (
					"DEBUG=1",
					"$(inherited)",
				);
				GCC_WARN_64_TO_32_BIT_CONVERSION = YES;
				GCC_WARN_ABOUT_RETURN_TYPE = YES_ERROR;
				GCC_WARN_UNDECLARED_SELECTOR = YES;
				GCC_WARN_UNINITIALIZED_AUTOS = YES_AGGRESSIVE;
				GCC_WARN_UNUSED_FUNCTION = YES;
				GCC_WARN_UNUSED_VARIABLE = YES;
				IPHONEOS_DEPLOYMENT_TARGET = 13.2;
				MTL_ENABLE_DEBUG_INFO = INCLUDE_SOURCE;
				MTL_FAST_MATH = YES;
				ONLY_ACTIVE_ARCH = YES;
				SDKROOT = iphoneos;
				SWIFT_ACTIVE_COMPILATION_CONDITIONS = DEBUG;
				SWIFT_OPTIMIZATION_LEVEL = "-Onone";
			};
			name = Debug;
		};
		DDD43FE323A5302200260F4A /* Release */ = {
			isa = XCBuildConfiguration;
			buildSettings = {
				ALWAYS_SEARCH_USER_PATHS = NO;
				CLANG_ANALYZER_NONNULL = YES;
				CLANG_ANALYZER_NUMBER_OBJECT_CONVERSION = YES_AGGRESSIVE;
				CLANG_CXX_LANGUAGE_STANDARD = "gnu++14";
				CLANG_CXX_LIBRARY = "libc++";
				CLANG_ENABLE_MODULES = YES;
				CLANG_ENABLE_OBJC_ARC = YES;
				CLANG_ENABLE_OBJC_WEAK = YES;
				CLANG_WARN_BLOCK_CAPTURE_AUTORELEASING = YES;
				CLANG_WARN_BOOL_CONVERSION = YES;
				CLANG_WARN_COMMA = YES;
				CLANG_WARN_CONSTANT_CONVERSION = YES;
				CLANG_WARN_DEPRECATED_OBJC_IMPLEMENTATIONS = YES;
				CLANG_WARN_DIRECT_OBJC_ISA_USAGE = YES_ERROR;
				CLANG_WARN_DOCUMENTATION_COMMENTS = YES;
				CLANG_WARN_EMPTY_BODY = YES;
				CLANG_WARN_ENUM_CONVERSION = YES;
				CLANG_WARN_INFINITE_RECURSION = YES;
				CLANG_WARN_INT_CONVERSION = YES;
				CLANG_WARN_NON_LITERAL_NULL_CONVERSION = YES;
				CLANG_WARN_OBJC_IMPLICIT_RETAIN_SELF = YES;
				CLANG_WARN_OBJC_LITERAL_CONVERSION = YES;
				CLANG_WARN_OBJC_ROOT_CLASS = YES_ERROR;
				CLANG_WARN_RANGE_LOOP_ANALYSIS = YES;
				CLANG_WARN_STRICT_PROTOTYPES = YES;
				CLANG_WARN_SUSPICIOUS_MOVE = YES;
				CLANG_WARN_UNGUARDED_AVAILABILITY = YES_AGGRESSIVE;
				CLANG_WARN_UNREACHABLE_CODE = YES;
				CLANG_WARN__DUPLICATE_METHOD_MATCH = YES;
				COPY_PHASE_STRIP = NO;
				DEBUG_INFORMATION_FORMAT = "dwarf-with-dsym";
				ENABLE_NS_ASSERTIONS = NO;
				ENABLE_STRICT_OBJC_MSGSEND = YES;
				GCC_C_LANGUAGE_STANDARD = gnu11;
				GCC_NO_COMMON_BLOCKS = YES;
				GCC_WARN_64_TO_32_BIT_CONVERSION = YES;
				GCC_WARN_ABOUT_RETURN_TYPE = YES_ERROR;
				GCC_WARN_UNDECLARED_SELECTOR = YES;
				GCC_WARN_UNINITIALIZED_AUTOS = YES_AGGRESSIVE;
				GCC_WARN_UNUSED_FUNCTION = YES;
				GCC_WARN_UNUSED_VARIABLE = YES;
				IPHONEOS_DEPLOYMENT_TARGET = 13.2;
				MTL_ENABLE_DEBUG_INFO = NO;
				MTL_FAST_MATH = YES;
				SDKROOT = iphoneos;
				SWIFT_COMPILATION_MODE = wholemodule;
				SWIFT_OPTIMIZATION_LEVEL = "-O";
				VALIDATE_PRODUCT = YES;
			};
			name = Release;
		};
		DDD43FE523A5302200260F4A /* Debug */ = {
			isa = XCBuildConfiguration;
			baseConfigurationReference = 64EE1A9FC1A3F79DEB4BB7A6 /* Pods-InstagramCloneUsingFirebase.debug.xcconfig */;
			buildSettings = {
				ASSETCATALOG_COMPILER_APPICON_NAME = AppIcon;
				CODE_SIGN_STYLE = Automatic;
				INFOPLIST_FILE = InstagramCloneUsingFirebase/Info.plist;
				LD_RUNPATH_SEARCH_PATHS = (
					"$(inherited)",
					"@executable_path/Frameworks",
				);
				PRODUCT_BUNDLE_IDENTIFIER = Apple.InstagramCloneUsingFirebase;
				PRODUCT_NAME = "$(TARGET_NAME)";
				SWIFT_VERSION = 5.0;
				TARGETED_DEVICE_FAMILY = "1,2";
			};
			name = Debug;
		};
		DDD43FE623A5302200260F4A /* Release */ = {
			isa = XCBuildConfiguration;
			baseConfigurationReference = AE928F3E6E4C6AFC7496B471 /* Pods-InstagramCloneUsingFirebase.release.xcconfig */;
			buildSettings = {
				ASSETCATALOG_COMPILER_APPICON_NAME = AppIcon;
				CODE_SIGN_STYLE = Automatic;
				INFOPLIST_FILE = InstagramCloneUsingFirebase/Info.plist;
				LD_RUNPATH_SEARCH_PATHS = (
					"$(inherited)",
					"@executable_path/Frameworks",
				);
				PRODUCT_BUNDLE_IDENTIFIER = Apple.InstagramCloneUsingFirebase;
				PRODUCT_NAME = "$(TARGET_NAME)";
				SWIFT_VERSION = 5.0;
				TARGETED_DEVICE_FAMILY = "1,2";
			};
			name = Release;
		};
/* End XCBuildConfiguration section */

/* Begin XCConfigurationList section */
		DDD43FCB23A5301A00260F4A /* Build configuration list for PBXProject "InstagramCloneUsingFirebase" */ = {
			isa = XCConfigurationList;
			buildConfigurations = (
				DDD43FE223A5302200260F4A /* Debug */,
				DDD43FE323A5302200260F4A /* Release */,
			);
			defaultConfigurationIsVisible = 0;
			defaultConfigurationName = Release;
		};
		DDD43FE423A5302200260F4A /* Build configuration list for PBXNativeTarget "InstagramCloneUsingFirebase" */ = {
			isa = XCConfigurationList;
			buildConfigurations = (
				DDD43FE523A5302200260F4A /* Debug */,
				DDD43FE623A5302200260F4A /* Release */,
			);
			defaultConfigurationIsVisible = 0;
			defaultConfigurationName = Release;
		};
/* End XCConfigurationList section */
	};
	rootObject = DDD43FC823A5301A00260F4A /* Project object */;
}
